
Microsoft Visual Studio Solution File, Format Version 12.00
# Visual Studio 15
Project("{FAE04EC0-301F-11D3-BF4B-00C04F79EFBC}") = "Assembly-CSharp", "Assembly-CSharp.csproj", "{D681A94B-1ED9-473D-B1CF-6DB63CFC06CC}"
EndProject
Project("{FAE04EC0-301F-11D3-BF4B-00C04F79EFBC}") = "Assembly-CSharp-Editor", "Assembly-CSharp-Editor.csproj", "{D21FC9FD-EE5A-916A-C46C-423FB3AACA52}"
EndProject
Global
	GlobalSection(SolutionConfigurationPlatforms) = preSolution
		Debug|Any CPU = Debug|Any CPU
		Release|Any CPU = Release|Any CPU
	EndGlobalSection
	GlobalSection(ProjectConfigurationPlatforms) = postSolution
		{D681A94B-1ED9-473D-B1CF-6DB63CFC06CC}.Debug|Any CPU.ActiveCfg = Debug|Any CPU
		{D681A94B-1ED9-473D-B1CF-6DB63CFC06CC}.Debug|Any CPU.Build.0 = Debug|Any CPU
		{D681A94B-1ED9-473D-B1CF-6DB63CFC06CC}.Release|Any CPU.ActiveCfg = Release|Any CPU
		{D681A94B-1ED9-473D-B1CF-6DB63CFC06CC}.Release|Any CPU.Build.0 = Release|Any CPU
		{D21FC9FD-EE5A-916A-C46C-423FB3AACA52}.Debug|Any CPU.ActiveCfg = Debug|Any CPU
		{D21FC9FD-EE5A-916A-C46C-423FB3AACA52}.Debug|Any CPU.Build.0 = Debug|Any CPU
		{D21FC9FD-EE5A-916A-C46C-423FB3AACA52}.Release|Any CPU.ActiveCfg = Release|Any CPU
		{D21FC9FD-EE5A-916A-C46C-423FB3AACA52}.Release|Any CPU.Build.0 = Release|Any CPU
	EndGlobalSection
	GlobalSection(SolutionProperties) = preSolution
		HideSolutionNode = FALSE
	EndGlobalSection
EndGlobal
